{
  "name": "client",
  "lockfileVersion": 3,
  "requires": true,
  "packages": {
    "": {
      "dependencies": {
        "task-tracker-webapp": "file:.."
      }
    },
    "..": {
      "version": "1.0.0",
      "dependencies": {
        "express": "^4.17.1",
        "path": "^0.12.7"
      }
    },
    "node_modules/task-tracker-webapp": {
      "resolved": "..",
      "link": true
    }
  }
}
